// !$*UTF8*$!
{
	archiveVersion = 1;
	classes = {
	};
	objectVersion = 50;
	objects = {

/* Begin PBXBuildFile section */
		9E416D252640670C00E2E63E /* Book.swift in Sources */ = {isa = PBXBuildFile; fileRef = 9E416D242640670C00E2E63E /* Book.swift */; };
		9E416D342640672600E2E63E /* Image_01.png in Resources */ = {isa = PBXBuildFile; fileRef = 9E416D2B2640672600E2E63E /* Image_01.png */; };
		9E416D352640672600E2E63E /* Image_02.png in Resources */ = {isa = PBXBuildFile; fileRef = 9E416D2C2640672600E2E63E /* Image_02.png */; };
		9E416D362640672600E2E63E /* Image_03.png in Resources */ = {isa = PBXBuildFile; fileRef = 9E416D2D2640672600E2E63E /* Image_03.png */; };
		9E416D372640672600E2E63E /* Image_07.png in Resources */ = {isa = PBXBuildFile; fileRef = 9E416D2E2640672600E2E63E /* Image_07.png */; };
		9E416D382640672600E2E63E /* Image_06.png in Resources */ = {isa = PBXBuildFile; fileRef = 9E416D2F2640672600E2E63E /* Image_06.png */; };
		9E416D392640672600E2E63E /* Image_10.png in Resources */ = {isa = PBXBuildFile; fileRef = 9E416D302640672600E2E63E /* Image_10.png */; };
		9E416D3A2640672600E2E63E /* Image_05.png in Resources */ = {isa = PBXBuildFile; fileRef = 9E416D312640672600E2E63E /* Image_05.png */; };
		9E416D3B2640672600E2E63E /* Image_08.png in Resources */ = {isa = PBXBuildFile; fileRef = 9E416D322640672600E2E63E /* Image_08.png */; };
		9E416D3C2640672600E2E63E /* BooksList.txt in Resources */ = {isa = PBXBuildFile; fileRef = 9E416D332640672600E2E63E /* BooksList.txt */; };
		9E68F0E52640780300C55442 /* BookViewController.swift in Sources */ = {isa = PBXBuildFile; fileRef = 9E68F0E42640780300C55442 /* BookViewController.swift */; };
		9E68F0EB2640781B00C55442 /* DrawingViewController.swift in Sources */ = {isa = PBXBuildFile; fileRef = 9E68F0E92640781B00C55442 /* DrawingViewController.swift */; };
		9E68F0EC2640781B00C55442 /* ViewController.swift in Sources */ = {isa = PBXBuildFile; fileRef = 9E68F0EA2640781B00C55442 /* ViewController.swift */; };
		9E68F10E264078A300C55442 /* DrawingView.swift in Sources */ = {isa = PBXBuildFile; fileRef = 9E68F10C264078A300C55442 /* DrawingView.swift */; };
		9E68F10F264078A300C55442 /* DiagramView.swift in Sources */ = {isa = PBXBuildFile; fileRef = 9E68F10D264078A300C55442 /* DiagramView.swift */; };
		9E68F114264078B600C55442 /* BookCell.swift in Sources */ = {isa = PBXBuildFile; fileRef = 9E68F113264078B600C55442 /* BookCell.swift */; };
		9EBDC70C2640792700C959E4 /* AppDelegate.swift in Sources */ = {isa = PBXBuildFile; fileRef = 9EBDC70A2640792700C959E4 /* AppDelegate.swift */; };
		9EBDC70D2640792700C959E4 /* SceneDelegate.swift in Sources */ = {isa = PBXBuildFile; fileRef = 9EBDC70B2640792700C959E4 /* SceneDelegate.swift */; };
		FD18DB0925D1735E001BE954 /* Main.storyboard in Resources */ = {isa = PBXBuildFile; fileRef = FD18DB0725D1735E001BE954 /* Main.storyboard */; };
		FD18DB0B25D1735F001BE954 /* Assets.xcassets in Resources */ = {isa = PBXBuildFile; fileRef = FD18DB0A25D1735F001BE954 /* Assets.xcassets */; };
		FD18DB0E25D1735F001BE954 /* LaunchScreen.storyboard in Resources */ = {isa = PBXBuildFile; fileRef = FD18DB0C25D1735F001BE954 /* LaunchScreen.storyboard */; };
		FD18DB1925D17360001BE954 /* MobAPpdeVTests.swift in Sources */ = {isa = PBXBuildFile; fileRef = FD18DB1825D17360001BE954 /* MobAPpdeVTests.swift */; };
		FD18DB2425D17360001BE954 /* MobAPpdeVUITests.swift in Sources */ = {isa = PBXBuildFile; fileRef = FD18DB2325D17360001BE954 /* MobAPpdeVUITests.swift */; };
/* End PBXBuildFile section */

/* Begin PBXContainerItemProxy section */
		FD18DB1525D17360001BE954 /* PBXContainerItemProxy */ = {
			isa = PBXContainerItemProxy;
			containerPortal = FD18DAF625D1735E001BE954 /* Project object */;
			proxyType = 1;
			remoteGlobalIDString = FD18DAFD25D1735E001BE954;
			remoteInfo = MobAPpdeV;
		};
		FD18DB2025D17360001BE954 /* PBXContainerItemProxy */ = {
			isa = PBXContainerItemProxy;
			containerPortal = FD18DAF625D1735E001BE954 /* Project object */;
			proxyType = 1;
			remoteGlobalIDString = FD18DAFD25D1735E001BE954;
			remoteInfo = MobAPpdeV;
		};
/* End PBXContainerItemProxy section */

/* Begin PBXFileReference section */
		9E416D242640670C00E2E63E /* Book.swift */ = {isa = PBXFileReference; lastKnownFileType = sourcecode.swift; path = Book.swift; sourceTree = "<group>"; };
		9E416D2B2640672600E2E63E /* Image_01.png */ = {isa = PBXFileReference; lastKnownFileType = image.png; path = Image_01.png; sourceTree = "<group>"; };
		9E416D2C2640672600E2E63E /* Image_02.png */ = {isa = PBXFileReference; lastKnownFileType = image.png; path = Image_02.png; sourceTree = "<group>"; };
		9E416D2D2640672600E2E63E /* Image_03.png */ = {isa = PBXFileReference; lastKnownFileType = image.png; path = Image_03.png; sourceTree = "<group>"; };
		9E416D2E2640672600E2E63E /* Image_07.png */ = {isa = PBXFileReference; lastKnownFileType = image.png; path = Image_07.png; sourceTree = "<group>"; };
		9E416D2F2640672600E2E63E /* Image_06.png */ = {isa = PBXFileReference; lastKnownFileType = image.png; path = Image_06.png; sourceTree = "<group>"; };
		9E416D302640672600E2E63E /* Image_10.png */ = {isa = PBXFileReference; lastKnownFileType = image.png; path = Image_10.png; sourceTree = "<group>"; };
		9E416D312640672600E2E63E /* Image_05.png */ = {isa = PBXFileReference; lastKnownFileType = image.png; path = Image_05.png; sourceTree = "<group>"; };
		9E416D322640672600E2E63E /* Image_08.png */ = {isa = PBXFileReference; lastKnownFileType = image.png; path = Image_08.png; sourceTree = "<group>"; };
		9E416D332640672600E2E63E /* BooksList.txt */ = {isa = PBXFileReference; fileEncoding = 4; lastKnownFileType = text; path = BooksList.txt; sourceTree = "<group>"; };
		9E68F0E42640780300C55442 /* BookViewController.swift */ = {isa = PBXFileReference; fileEncoding = 4; lastKnownFileType = sourcecode.swift; path = BookViewController.swift; sourceTree = "<group>"; };
		9E68F0E92640781B00C55442 /* DrawingViewController.swift */ = {isa = PBXFileReference; fileEncoding = 4; lastKnownFileType = sourcecode.swift; path = DrawingViewController.swift; sourceTree = "<group>"; };
		9E68F0EA2640781B00C55442 /* ViewController.swift */ = {isa = PBXFileReference; fileEncoding = 4; lastKnownFileType = sourcecode.swift; path = ViewController.swift; sourceTree = "<group>"; };
		9E68F10C264078A300C55442 /* DrawingView.swift */ = {isa = PBXFileReference; fileEncoding = 4; lastKnownFileType = sourcecode.swift; path = DrawingView.swift; sourceTree = "<group>"; };
		9E68F10D264078A300C55442 /* DiagramView.swift */ = {isa = PBXFileReference; fileEncoding = 4; lastKnownFileType = sourcecode.swift; path = DiagramView.swift; sourceTree = "<group>"; };
		9E68F113264078B600C55442 /* BookCell.swift */ = {isa = PBXFileReference; fileEncoding = 4; lastKnownFileType = sourcecode.swift; path = BookCell.swift; sourceTree = "<group>"; };
		9EBDC70A2640792700C959E4 /* AppDelegate.swift */ = {isa = PBXFileReference; fileEncoding = 4; lastKnownFileType = sourcecode.swift; path = AppDelegate.swift; sourceTree = "<group>"; };
		9EBDC70B2640792700C959E4 /* SceneDelegate.swift */ = {isa = PBXFileReference; fileEncoding = 4; lastKnownFileType = sourcecode.swift; path = SceneDelegate.swift; sourceTree = "<group>"; };
		FD18DAFE25D1735E001BE954 /* MobAPpdeV.app */ = {isa = PBXFileReference; explicitFileType = wrapper.application; includeInIndex = 0; path = MobAPpdeV.app; sourceTree = BUILT_PRODUCTS_DIR; };
		FD18DB0825D1735E001BE954 /* Base */ = {isa = PBXFileReference; lastKnownFileType = file.storyboard; name = Base; path = Base.lproj/Main.storyboard; sourceTree = "<group>"; };
		FD18DB0A25D1735F001BE954 /* Assets.xcassets */ = {isa = PBXFileReference; lastKnownFileType = folder.assetcatalog; path = Assets.xcassets; sourceTree = "<group>"; };
		FD18DB0D25D1735F001BE954 /* Base */ = {isa = PBXFileReference; lastKnownFileType = file.storyboard; name = Base; path = Base.lproj/LaunchScreen.storyboard; sourceTree = "<group>"; };
		FD18DB0F25D1735F001BE954 /* Info.plist */ = {isa = PBXFileReference; lastKnownFileType = text.plist.xml; path = Info.plist; sourceTree = "<group>"; };
		FD18DB1425D17360001BE954 /* MobAPpdeVTests.xctest */ = {isa = PBXFileReference; explicitFileType = wrapper.cfbundle; includeInIndex = 0; path = MobAPpdeVTests.xctest; sourceTree = BUILT_PRODUCTS_DIR; };
		FD18DB1825D17360001BE954 /* MobAPpdeVTests.swift */ = {isa = PBXFileReference; lastKnownFileType = sourcecode.swift; path = MobAPpdeVTests.swift; sourceTree = "<group>"; };
		FD18DB1A25D17360001BE954 /* Info.plist */ = {isa = PBXFileReference; lastKnownFileType = text.plist.xml; path = Info.plist; sourceTree = "<group>"; };
		FD18DB1F25D17360001BE954 /* MobAPpdeVUITests.xctest */ = {isa = PBXFileReference; explicitFileType = wrapper.cfbundle; includeInIndex = 0; path = MobAPpdeVUITests.xctest; sourceTree = BUILT_PRODUCTS_DIR; };
		FD18DB2325D17360001BE954 /* MobAPpdeVUITests.swift */ = {isa = PBXFileReference; lastKnownFileType = sourcecode.swift; path = MobAPpdeVUITests.swift; sourceTree = "<group>"; };
		FD18DB2525D17360001BE954 /* Info.plist */ = {isa = PBXFileReference; lastKnownFileType = text.plist.xml; path = Info.plist; sourceTree = "<group>"; };
/* End PBXFileReference section */

/* Begin PBXFrameworksBuildPhase section */
		FD18DAFB25D1735E001BE954 /* Frameworks */ = {
			isa = PBXFrameworksBuildPhase;
			buildActionMask = 2147483647;
			files = (
			);
			runOnlyForDeploymentPostprocessing = 0;
		};
		FD18DB1125D17360001BE954 /* Frameworks */ = {
			isa = PBXFrameworksBuildPhase;
			buildActionMask = 2147483647;
			files = (
			);
			runOnlyForDeploymentPostprocessing = 0;
		};
		FD18DB1C25D17360001BE954 /* Frameworks */ = {
			isa = PBXFrameworksBuildPhase;
			buildActionMask = 2147483647;
			files = (
			);
			runOnlyForDeploymentPostprocessing = 0;
		};
/* End PBXFrameworksBuildPhase section */

/* Begin PBXGroup section */
		9E416D21264066E800E2E63E /* Books */ = {
			isa = PBXGroup;
			children = (
				9E416D242640670C00E2E63E /* Book.swift */,
				9E416D292640671D00E2E63E /* Sources */,
			);
			path = Books;
			sourceTree = "<group>";
		};
		9E416D23264066FF00E2E63E /* Model */ = {
			isa = PBXGroup;
			children = (
				9E416D21264066E800E2E63E /* Books */,
			);
			path = Model;
			sourceTree = "<group>";
		};
		9E416D292640671D00E2E63E /* Sources */ = {
			isa = PBXGroup;
			children = (
				9E416D2A2640672600E2E63E /* Images */,
				9E416D332640672600E2E63E /* BooksList.txt */,
			);
			path = Sources;
			sourceTree = "<group>";
		};
		9E416D2A2640672600E2E63E /* Images */ = {
			isa = PBXGroup;
			children = (
				9E416D2B2640672600E2E63E /* Image_01.png */,
				9E416D2C2640672600E2E63E /* Image_02.png */,
				9E416D2D2640672600E2E63E /* Image_03.png */,
				9E416D2E2640672600E2E63E /* Image_07.png */,
				9E416D2F2640672600E2E63E /* Image_06.png */,
				9E416D302640672600E2E63E /* Image_10.png */,
				9E416D312640672600E2E63E /* Image_05.png */,
				9E416D322640672600E2E63E /* Image_08.png */,
			);
			path = Images;
			sourceTree = "<group>";
		};
		9E68F0F02640781E00C55442 /* Controller */ = {
			isa = PBXGroup;
			children = (
				9E68F0E92640781B00C55442 /* DrawingViewController.swift */,
				9E68F0EA2640781B00C55442 /* ViewController.swift */,
				9E68F0E42640780300C55442 /* BookViewController.swift */,
			);
			path = Controller;
			sourceTree = "<group>";
		};
		9E68F10B264078A300C55442 /* View */ = {
			isa = PBXGroup;
			children = (
				9E68F10C264078A300C55442 /* DrawingView.swift */,
				9E68F113264078B600C55442 /* BookCell.swift */,
				9E68F10D264078A300C55442 /* DiagramView.swift */,
			);
			path = View;
			sourceTree = "<group>";
		};
		9EBDC7092640792700C959E4 /* Application */ = {
			isa = PBXGroup;
			children = (
				9EBDC70A2640792700C959E4 /* AppDelegate.swift */,
				9EBDC70B2640792700C959E4 /* SceneDelegate.swift */,
			);
			path = Application;
			sourceTree = "<group>";
		};
		FD18DAF525D1735E001BE954 = {
			isa = PBXGroup;
			children = (
				FD18DB0025D1735E001BE954 /* MobAPpdeV */,
				FD18DB1725D17360001BE954 /* MobAPpdeVTests */,
				FD18DB2225D17360001BE954 /* MobAPpdeVUITests */,
				FD18DAFF25D1735E001BE954 /* Products */,
			);
			sourceTree = "<group>";
		};
		FD18DAFF25D1735E001BE954 /* Products */ = {
			isa = PBXGroup;
			children = (
				FD18DAFE25D1735E001BE954 /* MobAPpdeV.app */,
				FD18DB1425D17360001BE954 /* MobAPpdeVTests.xctest */,
				FD18DB1F25D17360001BE954 /* MobAPpdeVUITests.xctest */,
			);
			name = Products;
			sourceTree = "<group>";
		};
		FD18DB0025D1735E001BE954 /* MobAPpdeV */ = {
			isa = PBXGroup;
			children = (
				9EBDC7092640792700C959E4 /* Application */,
				9E68F0F02640781E00C55442 /* Controller */,
				9E68F10B264078A300C55442 /* View */,
				9E416D23264066FF00E2E63E /* Model */,
				FD18DB0725D1735E001BE954 /* Main.storyboard */,
				FD18DB0A25D1735F001BE954 /* Assets.xcassets */,
				FD18DB0C25D1735F001BE954 /* LaunchScreen.storyboard */,
				FD18DB0F25D1735F001BE954 /* Info.plist */,
			);
			path = MobAPpdeV;
			sourceTree = "<group>";
		};
		FD18DB1725D17360001BE954 /* MobAPpdeVTests */ = {
			isa = PBXGroup;
			children = (
				FD18DB1825D17360001BE954 /* MobAPpdeVTests.swift */,
				FD18DB1A25D17360001BE954 /* Info.plist */,
			);
			path = MobAPpdeVTests;
			sourceTree = "<group>";
		};
		FD18DB2225D17360001BE954 /* MobAPpdeVUITests */ = {
			isa = PBXGroup;
			children = (
				FD18DB2325D17360001BE954 /* MobAPpdeVUITests.swift */,
				FD18DB2525D17360001BE954 /* Info.plist */,
			);
			path = MobAPpdeVUITests;
			sourceTree = "<group>";
		};
/* End PBXGroup section */

/* Begin PBXNativeTarget section */
		FD18DAFD25D1735E001BE954 /* MobAPpdeV */ = {
			isa = PBXNativeTarget;
			buildConfigurationList = FD18DB2825D17360001BE954 /* Build configuration list for PBXNativeTarget "MobAPpdeV" */;
			buildPhases = (
				FD18DAFA25D1735E001BE954 /* Sources */,
				FD18DAFB25D1735E001BE954 /* Frameworks */,
				FD18DAFC25D1735E001BE954 /* Resources */,
			);
			buildRules = (
			);
			dependencies = (
			);
			name = MobAPpdeV;
			productName = MobAPpdeV;
			productReference = FD18DAFE25D1735E001BE954 /* MobAPpdeV.app */;
			productType = "com.apple.product-type.application";
		};
		FD18DB1325D17360001BE954 /* MobAPpdeVTests */ = {
			isa = PBXNativeTarget;
			buildConfigurationList = FD18DB2B25D17360001BE954 /* Build configuration list for PBXNativeTarget "MobAPpdeVTests" */;
			buildPhases = (
				FD18DB1025D17360001BE954 /* Sources */,
				FD18DB1125D17360001BE954 /* Frameworks */,
				FD18DB1225D17360001BE954 /* Resources */,
			);
			buildRules = (
			);
			dependencies = (
				FD18DB1625D17360001BE954 /* PBXTargetDependency */,
			);
			name = MobAPpdeVTests;
			productName = MobAPpdeVTests;
			productReference = FD18DB1425D17360001BE954 /* MobAPpdeVTests.xctest */;
			productType = "com.apple.product-type.bundle.unit-test";
		};
		FD18DB1E25D17360001BE954 /* MobAPpdeVUITests */ = {
			isa = PBXNativeTarget;
			buildConfigurationList = FD18DB2E25D17360001BE954 /* Build configuration list for PBXNativeTarget "MobAPpdeVUITests" */;
			buildPhases = (
				FD18DB1B25D17360001BE954 /* Sources */,
				FD18DB1C25D17360001BE954 /* Frameworks */,
				FD18DB1D25D17360001BE954 /* Resources */,
			);
			buildRules = (
			);
			dependencies = (
				FD18DB2125D17360001BE954 /* PBXTargetDependency */,
			);
			name = MobAPpdeVUITests;
			productName = MobAPpdeVUITests;
			productReference = FD18DB1F25D17360001BE954 /* MobAPpdeVUITests.xctest */;
			productType = "com.apple.product-type.bundle.ui-testing";
		};
/* End PBXNativeTarget section */

/* Begin PBXProject section */
		FD18DAF625D1735E001BE954 /* Project object */ = {
			isa = PBXProject;
			attributes = {
				LastSwiftUpdateCheck = 1240;
				LastUpgradeCheck = 1240;
				TargetAttributes = {
					FD18DAFD25D1735E001BE954 = {
						CreatedOnToolsVersion = 12.4;
					};
					FD18DB1325D17360001BE954 = {
						CreatedOnToolsVersion = 12.4;
						TestTargetID = FD18DAFD25D1735E001BE954;
					};
					FD18DB1E25D17360001BE954 = {
						CreatedOnToolsVersion = 12.4;
						TestTargetID = FD18DAFD25D1735E001BE954;
					};
				};
			};
			buildConfigurationList = FD18DAF925D1735E001BE954 /* Build configuration list for PBXProject "MobAPpdeV" */;
			compatibilityVersion = "Xcode 9.3";
			developmentRegion = en;
			hasScannedForEncodings = 0;
			knownRegions = (
				en,
				Base,
			);
			mainGroup = FD18DAF525D1735E001BE954;
			productRefGroup = FD18DAFF25D1735E001BE954 /* Products */;
			projectDirPath = "";
			projectRoot = "";
			targets = (
				FD18DAFD25D1735E001BE954 /* MobAPpdeV */,
				FD18DB1325D17360001BE954 /* MobAPpdeVTests */,
				FD18DB1E25D17360001BE954 /* MobAPpdeVUITests */,
			);
		};
/* End PBXProject section */

/* Begin PBXResourcesBuildPhase section */
		FD18DAFC25D1735E001BE954 /* Resources */ = {
			isa = PBXResourcesBuildPhase;
			buildActionMask = 2147483647;
			files = (
				FD18DB0E25D1735F001BE954 /* LaunchScreen.storyboard in Resources */,
				9E416D352640672600E2E63E /* Image_02.png in Resources */,
				9E416D362640672600E2E63E /* Image_03.png in Resources */,
				FD18DB0B25D1735F001BE954 /* Assets.xcassets in Resources */,
				9E416D342640672600E2E63E /* Image_01.png in Resources */,
				9E416D392640672600E2E63E /* Image_10.png in Resources */,
				9E416D3A2640672600E2E63E /* Image_05.png in Resources */,
				FD18DB0925D1735E001BE954 /* Main.storyboard in Resources */,
				9E416D372640672600E2E63E /* Image_07.png in Resources */,
				9E416D3C2640672600E2E63E /* BooksList.txt in Resources */,
				9E416D3B2640672600E2E63E /* Image_08.png in Resources */,
				9E416D382640672600E2E63E /* Image_06.png in Resources */,
			);
			runOnlyForDeploymentPostprocessing = 0;
		};
		FD18DB1225D17360001BE954 /* Resources */ = {
			isa = PBXResourcesBuildPhase;
			buildActionMask = 2147483647;
			files = (
			);
			runOnlyForDeploymentPostprocessing = 0;
		};
		FD18DB1D25D17360001BE954 /* Resources */ = {
			isa = PBXResourcesBuildPhase;
			buildActionMask = 2147483647;
			files = (
			);
			runOnlyForDeploymentPostprocessing = 0;
		};
/* End PBXResourcesBuildPhase section */

/* Begin PBXSourcesBuildPhase section */
		FD18DAFA25D1735E001BE954 /* Sources */ = {
			isa = PBXSourcesBuildPhase;
			buildActionMask = 2147483647;
			files = (
				9EBDC70C2640792700C959E4 /* AppDelegate.swift in Sources */,
				9E68F114264078B600C55442 /* BookCell.swift in Sources */,
				9EBDC70D2640792700C959E4 /* SceneDelegate.swift in Sources */,
				9E68F10E264078A300C55442 /* DrawingView.swift in Sources */,
				9E68F0EB2640781B00C55442 /* DrawingViewController.swift in Sources */,
				9E68F0EC2640781B00C55442 /* ViewController.swift in Sources */,
				9E68F10F264078A300C55442 /* DiagramView.swift in Sources */,
				9E68F0E52640780300C55442 /* BookViewController.swift in Sources */,
				9E416D252640670C00E2E63E /* Book.swift in Sources */,
			);
			runOnlyForDeploymentPostprocessing = 0;
		};
		FD18DB1025D17360001BE954 /* Sources */ = {
			isa = PBXSourcesBuildPhase;
			buildActionMask = 2147483647;
			files = (
				FD18DB1925D17360001BE954 /* MobAPpdeVTests.swift in Sources */,
			);
			runOnlyForDeploymentPostprocessing = 0;
		};
		FD18DB1B25D17360001BE954 /* Sources */ = {
			isa = PBXSourcesBuildPhase;
			buildActionMask = 2147483647;
			files = (
				FD18DB2425D17360001BE954 /* MobAPpdeVUITests.swift in Sources */,
			);
			runOnlyForDeploymentPostprocessing = 0;
		};
/* End PBXSourcesBuildPhase section */

/* Begin PBXTargetDependency section */
		FD18DB1625D17360001BE954 /* PBXTargetDependency */ = {
			isa = PBXTargetDependency;
			target = FD18DAFD25D1735E001BE954 /* MobAPpdeV */;
			targetProxy = FD18DB1525D17360001BE954 /* PBXContainerItemProxy */;
		};
		FD18DB2125D17360001BE954 /* PBXTargetDependency */ = {
			isa = PBXTargetDependency;
			target = FD18DAFD25D1735E001BE954 /* MobAPpdeV */;
			targetProxy = FD18DB2025D17360001BE954 /* PBXContainerItemProxy */;
		};
/* End PBXTargetDependency section */

/* Begin PBXVariantGroup section */
		FD18DB0725D1735E001BE954 /* Main.storyboard */ = {
			isa = PBXVariantGroup;
			children = (
				FD18DB0825D1735E001BE954 /* Base */,
			);
			name = Main.storyboard;
			sourceTree = "<group>";
		};
		FD18DB0C25D1735F001BE954 /* LaunchScreen.storyboard */ = {
			isa = PBXVariantGroup;
			children = (
				FD18DB0D25D1735F001BE954 /* Base */,
			);
			name = LaunchScreen.storyboard;
			sourceTree = "<group>";
		};
/* End PBXVariantGroup section */

/* Begin XCBuildConfiguration section */
		FD18DB2625D17360001BE954 /* Debug */ = {
			isa = XCBuildConfiguration;
			buildSettings = {
				ALWAYS_SEARCH_USER_PATHS = NO;
				CLANG_ANALYZER_NONNULL = YES;
				CLANG_ANALYZER_NUMBER_OBJECT_CONVERSION = YES_AGGRESSIVE;
				CLANG_CXX_LANGUAGE_STANDARD = "gnu++14";
				CLANG_CXX_LIBRARY = "libc++";
				CLANG_ENABLE_MODULES = YES;
				CLANG_ENABLE_OBJC_ARC = YES;
				CLANG_ENABLE_OBJC_WEAK = YES;
				CLANG_WARN_BLOCK_CAPTURE_AUTORELEASING = YES;
				CLANG_WARN_BOOL_CONVERSION = YES;
				CLANG_WARN_COMMA = YES;
				CLANG_WARN_CONSTANT_CONVERSION = YES;
				CLANG_WARN_DEPRECATED_OBJC_IMPLEMENTATIONS = YES;
				CLANG_WARN_DIRECT_OBJC_ISA_USAGE = YES_ERROR;
				CLANG_WARN_DOCUMENTATION_COMMENTS = YES;
				CLANG_WARN_EMPTY_BODY = YES;
				CLANG_WARN_ENUM_CONVERSION = YES;
				CLANG_WARN_INFINITE_RECURSION = YES;
				CLANG_WARN_INT_CONVERSION = YES;
				CLANG_WARN_NON_LITERAL_NULL_CONVERSION = YES;
				CLANG_WARN_OBJC_IMPLICIT_RETAIN_SELF = YES;
				CLANG_WARN_OBJC_LITERAL_CONVERSION = YES;
				CLANG_WARN_OBJC_ROOT_CLASS = YES_ERROR;
				CLANG_WARN_QUOTED_INCLUDE_IN_FRAMEWORK_HEADER = YES;
				CLANG_WARN_RANGE_LOOP_ANALYSIS = YES;
				CLANG_WARN_STRICT_PROTOTYPES = YES;
				CLANG_WARN_SUSPICIOUS_MOVE = YES;
				CLANG_WARN_UNGUARDED_AVAILABILITY = YES_AGGRESSIVE;
				CLANG_WARN_UNREACHABLE_CODE = YES;
				CLANG_WARN__DUPLICATE_METHOD_MATCH = YES;
				COPY_PHASE_STRIP = NO;
				DEBUG_INFORMATION_FORMAT = dwarf;
				ENABLE_STRICT_OBJC_MSGSEND = YES;
				ENABLE_TESTABILITY = YES;
				GCC_C_LANGUAGE_STANDARD = gnu11;
				GCC_DYNAMIC_NO_PIC = NO;
				GCC_NO_COMMON_BLOCKS = YES;
				GCC_OPTIMIZATION_LEVEL = 0;
				GCC_PREPROCESSOR_DEFINITIONS = (
					"DEBUG=1",
					"$(inherited)",
				);
				GCC_WARN_64_TO_32_BIT_CONVERSION = YES;
				GCC_WARN_ABOUT_RETURN_TYPE = YES_ERROR;
				GCC_WARN_UNDECLARED_SELECTOR = YES;
				GCC_WARN_UNINITIALIZED_AUTOS = YES_AGGRESSIVE;
				GCC_WARN_UNUSED_FUNCTION = YES;
				GCC_WARN_UNUSED_VARIABLE = YES;
				IPHONEOS_DEPLOYMENT_TARGET = 14.4;
				MTL_ENABLE_DEBUG_INFO = INCLUDE_SOURCE;
				MTL_FAST_MATH = YES;
				ONLY_ACTIVE_ARCH = YES;
				SDKROOT = iphoneos;
				SWIFT_ACTIVE_COMPILATION_CONDITIONS = DEBUG;
				SWIFT_OPTIMIZATION_LEVEL = "-Onone";
			};
			name = Debug;
		};
		FD18DB2725D17360001BE954 /* Release */ = {
			isa = XCBuildConfiguration;
			buildSettings = {
				ALWAYS_SEARCH_USER_PATHS = NO;
				CLANG_ANALYZER_NONNULL = YES;
				CLANG_ANALYZER_NUMBER_OBJECT_CONVERSION = YES_AGGRESSIVE;
				CLANG_CXX_LANGUAGE_STANDARD = "gnu++14";
				CLANG_CXX_LIBRARY = "libc++";
				CLANG_ENABLE_MODULES = YES;
				CLANG_ENABLE_OBJC_ARC = YES;
				CLANG_ENABLE_OBJC_WEAK = YES;
				CLANG_WARN_BLOCK_CAPTURE_AUTORELEASING = YES;
				CLANG_WARN_BOOL_CONVERSION = YES;
				CLANG_WARN_COMMA = YES;
				CLANG_WARN_CONSTANT_CONVERSION = YES;
				CLANG_WARN_DEPRECATED_OBJC_IMPLEMENTATIONS = YES;
				CLANG_WARN_DIRECT_OBJC_ISA_USAGE = YES_ERROR;
				CLANG_WARN_DOCUMENTATION_COMMENTS = YES;
				CLANG_WARN_EMPTY_BODY = YES;
				CLANG_WARN_ENUM_CONVERSION = YES;
				CLANG_WARN_INFINITE_RECURSION = YES;
				CLANG_WARN_INT_CONVERSION = YES;
				CLANG_WARN_NON_LITERAL_NULL_CONVERSION = YES;
				CLANG_WARN_OBJC_IMPLICIT_RETAIN_SELF = YES;
				CLANG_WARN_OBJC_LITERAL_CONVERSION = YES;
				CLANG_WARN_OBJC_ROOT_CLASS = YES_ERROR;
				CLANG_WARN_QUOTED_INCLUDE_IN_FRAMEWORK_HEADER = YES;
				CLANG_WARN_RANGE_LOOP_ANALYSIS = YES;
				CLANG_WARN_STRICT_PROTOTYPES = YES;
				CLANG_WARN_SUSPICIOUS_MOVE = YES;
				CLANG_WARN_UNGUARDED_AVAILABILITY = YES_AGGRESSIVE;
				CLANG_WARN_UNREACHABLE_CODE = YES;
				CLANG_WARN__DUPLICATE_METHOD_MATCH = YES;
				COPY_PHASE_STRIP = NO;
				DEBUG_INFORMATION_FORMAT = "dwarf-with-dsym";
				ENABLE_NS_ASSERTIONS = NO;
				ENABLE_STRICT_OBJC_MSGSEND = YES;
				GCC_C_LANGUAGE_STANDARD = gnu11;
				GCC_NO_COMMON_BLOCKS = YES;
				GCC_WARN_64_TO_32_BIT_CONVERSION = YES;
				GCC_WARN_ABOUT_RETURN_TYPE = YES_ERROR;
				GCC_WARN_UNDECLARED_SELECTOR = YES;
				GCC_WARN_UNINITIALIZED_AUTOS = YES_AGGRESSIVE;
				GCC_WARN_UNUSED_FUNCTION = YES;
				GCC_WARN_UNUSED_VARIABLE = YES;
				IPHONEOS_DEPLOYMENT_TARGET = 14.4;
				MTL_ENABLE_DEBUG_INFO = NO;
				MTL_FAST_MATH = YES;
				SDKROOT = iphoneos;
				SWIFT_COMPILATION_MODE = wholemodule;
				SWIFT_OPTIMIZATION_LEVEL = "-O";
				VALIDATE_PRODUCT = YES;
			};
			name = Release;
		};
		FD18DB2925D17360001BE954 /* Debug */ = {
			isa = XCBuildConfiguration;
			buildSettings = {
				ASSETCATALOG_COMPILER_APPICON_NAME = AppIcon;
				ASSETCATALOG_COMPILER_GLOBAL_ACCENT_COLOR_NAME = AccentColor;
				CODE_SIGN_STYLE = Automatic;
				INFOPLIST_FILE = MobAPpdeV/Info.plist;
				LD_RUNPATH_SEARCH_PATHS = (
					"$(inherited)",
					"@executable_path/Frameworks",
				);
				PRODUCT_BUNDLE_IDENTIFIER = ua.kpi.comsys.ip8507.MobAPpdeV;
				PRODUCT_NAME = "$(TARGET_NAME)";
				SWIFT_VERSION = 5.0;
				TARGETED_DEVICE_FAMILY = "1,2";
			};
			name = Debug;
		};
		FD18DB2A25D17360001BE954 /* Release */ = {
			isa = XCBuildConfiguration;
			buildSettings = {
				ASSETCATALOG_COMPILER_APPICON_NAME = AppIcon;
				ASSETCATALOG_COMPILER_GLOBAL_ACCENT_COLOR_NAME = AccentColor;
				CODE_SIGN_STYLE = Automatic;
				INFOPLIST_FILE = MobAPpdeV/Info.plist;
				LD_RUNPATH_SEARCH_PATHS = (
					"$(inherited)",
					"@executable_path/Frameworks",
				);
				PRODUCT_BUNDLE_IDENTIFIER = ua.kpi.comsys.ip8507.MobAPpdeV;
				PRODUCT_NAME = "$(TARGET_NAME)";
				SWIFT_VERSION = 5.0;
				TARGETED_DEVICE_FAMILY = "1,2";
			};
			name = Release;
		};
		FD18DB2C25D17360001BE954 /* Debug */ = {
			isa = XCBuildConfiguration;
			buildSettings = {
				ALWAYS_EMBED_SWIFT_STANDARD_LIBRARIES = YES;
				BUNDLE_LOADER = "$(TEST_HOST)";
				CODE_SIGN_STYLE = Automatic;
				INFOPLIST_FILE = MobAPpdeVTests/Info.plist;
				IPHONEOS_DEPLOYMENT_TARGET = 14.4;
				LD_RUNPATH_SEARCH_PATHS = (
					"$(inherited)",
					"@executable_path/Frameworks",
					"@loader_path/Frameworks",
				);
				PRODUCT_BUNDLE_IDENTIFIER = ua.kpi.comsys.8518.MobAPpdeVTests;
				PRODUCT_NAME = "$(TARGET_NAME)";
				SWIFT_VERSION = 5.0;
				TARGETED_DEVICE_FAMILY = "1,2";
				TEST_HOST = "$(BUILT_PRODUCTS_DIR)/MobAPpdeV.app/MobAPpdeV";
			};
			name = Debug;
		};
		FD18DB2D25D17360001BE954 /* Release */ = {
			isa = XCBuildConfiguration;
			buildSettings = {
				ALWAYS_EMBED_SWIFT_STANDARD_LIBRARIES = YES;
				BUNDLE_LOADER = "$(TEST_HOST)";
				CODE_SIGN_STYLE = Automatic;
				INFOPLIST_FILE = MobAPpdeVTests/Info.plist;
				IPHONEOS_DEPLOYMENT_TARGET = 14.4;
				LD_RUNPATH_SEARCH_PATHS = (
					"$(inherited)",
					"@executable_path/Frameworks",
					"@loader_path/Frameworks",
				);
				PRODUCT_BUNDLE_IDENTIFIER = ua.kpi.comsys.8518.MobAPpdeVTests;
				PRODUCT_NAME = "$(TARGET_NAME)";
				SWIFT_VERSION = 5.0;
				TARGETED_DEVICE_FAMILY = "1,2";
				TEST_HOST = "$(BUILT_PRODUCTS_DIR)/MobAPpdeV.app/MobAPpdeV";
			};
			name = Release;
		};
		FD18DB2F25D17360001BE954 /* Debug */ = {
			isa = XCBuildConfiguration;
			buildSettings = {
				ALWAYS_EMBED_SWIFT_STANDARD_LIBRARIES = YES;
				CODE_SIGN_STYLE = Automatic;
				INFOPLIST_FILE = MobAPpdeVUITests/Info.plist;
				LD_RUNPATH_SEARCH_PATHS = (
					"$(inherited)",
					"@executable_path/Frameworks",
					"@loader_path/Frameworks",
				);
				PRODUCT_BUNDLE_IDENTIFIER = ua.kpi.comsys.8518.MobAPpdeVUITests;
				PRODUCT_NAME = "$(TARGET_NAME)";
				SWIFT_VERSION = 5.0;
				TARGETED_DEVICE_FAMILY = "1,2";
				TEST_TARGET_NAME = MobAPpdeV;
			};
			name = Debug;
		};
		FD18DB3025D17360001BE954 /* Release */ = {
			isa = XCBuildConfiguration;
			buildSettings = {
				ALWAYS_EMBED_SWIFT_STANDARD_LIBRARIES = YES;
				CODE_SIGN_STYLE = Automatic;
				INFOPLIST_FILE = MobAPpdeVUITests/Info.plist;
				LD_RUNPATH_SEARCH_PATHS = (
					"$(inherited)",
					"@executable_path/Frameworks",
					"@loader_path/Frameworks",
				);
				PRODUCT_BUNDLE_IDENTIFIER = ua.kpi.comsys.8518.MobAPpdeVUITests;
				PRODUCT_NAME = "$(TARGET_NAME)";
				SWIFT_VERSION = 5.0;
				TARGETED_DEVICE_FAMILY = "1,2";
				TEST_TARGET_NAME = MobAPpdeV;
			};
			name = Release;
		};
/* End XCBuildConfiguration section */

/* Begin XCConfigurationList section */
		FD18DAF925D1735E001BE954 /* Build configuration list for PBXProject "MobAPpdeV" */ = {
			isa = XCConfigurationList;
			buildConfigurations = (
				FD18DB2625D17360001BE954 /* Debug */,
				FD18DB2725D17360001BE954 /* Release */,
			);
			defaultConfigurationIsVisible = 0;
			defaultConfigurationName = Release;
		};
		FD18DB2825D17360001BE954 /* Build configuration list for PBXNativeTarget "MobAPpdeV" */ = {
			isa = XCConfigurationList;
			buildConfigurations = (
				FD18DB2925D17360001BE954 /* Debug */,
				FD18DB2A25D17360001BE954 /* Release */,
			);
			defaultConfigurationIsVisible = 0;
			defaultConfigurationName = Release;
		};
		FD18DB2B25D17360001BE954 /* Build configuration list for PBXNativeTarget "MobAPpdeVTests" */ = {
			isa = XCConfigurationList;
			buildConfigurations = (
				FD18DB2C25D17360001BE954 /* Debug */,
				FD18DB2D25D17360001BE954 /* Release */,
			);
			defaultConfigurationIsVisible = 0;
			defaultConfigurationName = Release;
		};
		FD18DB2E25D17360001BE954 /* Build configuration list for PBXNativeTarget "MobAPpdeVUITests" */ = {
			isa = XCConfigurationList;
			buildConfigurations = (
				FD18DB2F25D17360001BE954 /* Debug */,
				FD18DB3025D17360001BE954 /* Release */,
			);
			defaultConfigurationIsVisible = 0;
			defaultConfigurationName = Release;
		};
/* End XCConfigurationList section */
	};
	rootObject = FD18DAF625D1735E001BE954 /* Project object */;
}
